// !$*UTF8*$!
{
	archiveVersion = 1;
	classes = {
	};
	objectVersion = 50;
	objects = {

/* Begin PBXBuildFile section */
		1B6AC87B252E1CA700486F74 /* LaunchView.swift in Sources */ = {isa = PBXBuildFile; fileRef = 1B6AC87A252E1CA700486F74 /* LaunchView.swift */; };
		1BBF934F252CA18D00BA1DF6 /* Expence.swift in Sources */ = {isa = PBXBuildFile; fileRef = 1BBF934E252CA18D00BA1DF6 /* Expence.swift */; };
		1BBF9353252CA59200BA1DF6 /* DailyExpences.swift in Sources */ = {isa = PBXBuildFile; fileRef = 1BBF9352252CA59200BA1DF6 /* DailyExpences.swift */; };
		1BBF935D252CAC3F00BA1DF6 /* WeeklyExpences.swift in Sources */ = {isa = PBXBuildFile; fileRef = 1BBF935C252CAC3F00BA1DF6 /* WeeklyExpences.swift */; };
		1BBF9361252CB2EA00BA1DF6 /* Expences.swift in Sources */ = {isa = PBXBuildFile; fileRef = 1BBF9360252CB2EA00BA1DF6 /* Expences.swift */; };
		1BBF9365252CB5D100BA1DF6 /* JSONParser.swift in Sources */ = {isa = PBXBuildFile; fileRef = 1BBF9364252CB5D100BA1DF6 /* JSONParser.swift */; };
		84C2A2B1252C842500D4016A /* AppDelegate.swift in Sources */ = {isa = PBXBuildFile; fileRef = 84C2A2B0252C842500D4016A /* AppDelegate.swift */; };
		84C2A2B3252C842500D4016A /* SceneDelegate.swift in Sources */ = {isa = PBXBuildFile; fileRef = 84C2A2B2252C842500D4016A /* SceneDelegate.swift */; };
		84C2A2B5252C842500D4016A /* LaunchViewController.swift in Sources */ = {isa = PBXBuildFile; fileRef = 84C2A2B4252C842500D4016A /* LaunchViewController.swift */; };
		84C2A2B8252C842500D4016A /* Main.storyboard in Resources */ = {isa = PBXBuildFile; fileRef = 84C2A2B6252C842500D4016A /* Main.storyboard */; };
		84C2A2BA252C842800D4016A /* Assets.xcassets in Resources */ = {isa = PBXBuildFile; fileRef = 84C2A2B9252C842800D4016A /* Assets.xcassets */; };
		84C2A2BD252C842800D4016A /* LaunchScreen.storyboard in Resources */ = {isa = PBXBuildFile; fileRef = 84C2A2BB252C842800D4016A /* LaunchScreen.storyboard */; };
		84C2A2C7252C847300D4016A /* expences.json in Resources */ = {isa = PBXBuildFile; fileRef = 84C2A2C6252C847300D4016A /* expences.json */; };
/* End PBXBuildFile section */

/* Begin PBXFileReference section */
		1B6AC87A252E1CA700486F74 /* LaunchView.swift */ = {isa = PBXFileReference; lastKnownFileType = sourcecode.swift; path = LaunchView.swift; sourceTree = "<group>"; };
		1BBF934E252CA18D00BA1DF6 /* Expence.swift */ = {isa = PBXFileReference; lastKnownFileType = sourcecode.swift; path = Expence.swift; sourceTree = "<group>"; };
		1BBF9352252CA59200BA1DF6 /* DailyExpences.swift */ = {isa = PBXFileReference; lastKnownFileType = sourcecode.swift; path = DailyExpences.swift; sourceTree = "<group>"; };
		1BBF935C252CAC3F00BA1DF6 /* WeeklyExpences.swift */ = {isa = PBXFileReference; lastKnownFileType = sourcecode.swift; path = WeeklyExpences.swift; sourceTree = "<group>"; };
		1BBF9360252CB2EA00BA1DF6 /* Expences.swift */ = {isa = PBXFileReference; lastKnownFileType = sourcecode.swift; path = Expences.swift; sourceTree = "<group>"; };
		1BBF9364252CB5D100BA1DF6 /* JSONParser.swift */ = {isa = PBXFileReference; lastKnownFileType = sourcecode.swift; path = JSONParser.swift; sourceTree = "<group>"; };
		84C2A2AD252C842500D4016A /* Expences.app */ = {isa = PBXFileReference; explicitFileType = wrapper.application; includeInIndex = 0; path = Expences.app; sourceTree = BUILT_PRODUCTS_DIR; };
		84C2A2B0252C842500D4016A /* AppDelegate.swift */ = {isa = PBXFileReference; lastKnownFileType = sourcecode.swift; path = AppDelegate.swift; sourceTree = "<group>"; };
		84C2A2B2252C842500D4016A /* SceneDelegate.swift */ = {isa = PBXFileReference; lastKnownFileType = sourcecode.swift; path = SceneDelegate.swift; sourceTree = "<group>"; };
		84C2A2B4252C842500D4016A /* LaunchViewController.swift */ = {isa = PBXFileReference; lastKnownFileType = sourcecode.swift; path = LaunchViewController.swift; sourceTree = "<group>"; };
		84C2A2B7252C842500D4016A /* Base */ = {isa = PBXFileReference; lastKnownFileType = file.storyboard; name = Base; path = Base.lproj/Main.storyboard; sourceTree = "<group>"; };
		84C2A2B9252C842800D4016A /* Assets.xcassets */ = {isa = PBXFileReference; lastKnownFileType = folder.assetcatalog; path = Assets.xcassets; sourceTree = "<group>"; };
		84C2A2BC252C842800D4016A /* Base */ = {isa = PBXFileReference; lastKnownFileType = file.storyboard; name = Base; path = Base.lproj/LaunchScreen.storyboard; sourceTree = "<group>"; };
		84C2A2BE252C842800D4016A /* Info.plist */ = {isa = PBXFileReference; lastKnownFileType = text.plist.xml; path = Info.plist; sourceTree = "<group>"; };
		84C2A2C6252C847300D4016A /* expences.json */ = {isa = PBXFileReference; lastKnownFileType = text.json; path = expences.json; sourceTree = "<group>"; };
/* End PBXFileReference section */

/* Begin PBXFrameworksBuildPhase section */
		84C2A2AA252C842500D4016A /* Frameworks */ = {
			isa = PBXFrameworksBuildPhase;
			buildActionMask = 2147483647;
			files = (
			);
			runOnlyForDeploymentPostprocessing = 0;
		};
/* End PBXFrameworksBuildPhase section */

/* Begin PBXGroup section */
		1B6AC874252E1B8700486F74 /* ViewControllers */ = {
			isa = PBXGroup;
			children = (
				84C2A2B4252C842500D4016A /* LaunchViewController.swift */,
			);
			path = ViewControllers;
			sourceTree = "<group>";
		};
		1BBF934D252C9BEB00BA1DF6 /* Model */ = {
			isa = PBXGroup;
			children = (
				1BBF934E252CA18D00BA1DF6 /* Expence.swift */,
				1BBF9352252CA59200BA1DF6 /* DailyExpences.swift */,
				1BBF935C252CAC3F00BA1DF6 /* WeeklyExpences.swift */,
				1BBF9360252CB2EA00BA1DF6 /* Expences.swift */,
			);
			path = Model;
			sourceTree = "<group>";
		};
		1BBF9363252CB5A100BA1DF6 /* Parsing */ = {
			isa = PBXGroup;
			children = (
				1BBF9364252CB5D100BA1DF6 /* JSONParser.swift */,
			);
			path = Parsing;
			sourceTree = "<group>";
		};
		1BBF9368252CB8AA00BA1DF6 /* Support files */ = {
			isa = PBXGroup;
			children = (
				84C2A2BB252C842800D4016A /* LaunchScreen.storyboard */,
				84C2A2B0252C842500D4016A /* AppDelegate.swift */,
				84C2A2B2252C842500D4016A /* SceneDelegate.swift */,
				84C2A2B9252C842800D4016A /* Assets.xcassets */,
			);
			path = "Support files";
			sourceTree = "<group>";
		};
		1BD87E12252E1B01004D8619 /* Views */ = {
			isa = PBXGroup;
			children = (
				1B6AC87A252E1CA700486F74 /* LaunchView.swift */,
			);
			path = Views;
			sourceTree = "<group>";
		};
		84C2A2A4252C842500D4016A = {
			isa = PBXGroup;
			children = (
				84C2A2AF252C842500D4016A /* Expences */,
				84C2A2AE252C842500D4016A /* Products */,
			);
			sourceTree = "<group>";
		};
		84C2A2AE252C842500D4016A /* Products */ = {
			isa = PBXGroup;
			children = (
				84C2A2AD252C842500D4016A /* Expences.app */,
			);
			name = Products;
			sourceTree = "<group>";
		};
		84C2A2AF252C842500D4016A /* Expences */ = {
			isa = PBXGroup;
			children = (
				1B6AC874252E1B8700486F74 /* ViewControllers */,
				1BD87E12252E1B01004D8619 /* Views */,
				1BBF9368252CB8AA00BA1DF6 /* Support files */,
				1BBF9363252CB5A100BA1DF6 /* Parsing */,
				1BBF934D252C9BEB00BA1DF6 /* Model */,
				84C2A2C5252C844100D4016A /* mock data */,
				84C2A2B6252C842500D4016A /* Main.storyboard */,
				84C2A2BE252C842800D4016A /* Info.plist */,
			);
			path = Expences;
			sourceTree = "<group>";
		};
		84C2A2C5252C844100D4016A /* mock data */ = {
			isa = PBXGroup;
			children = (
				84C2A2C6252C847300D4016A /* expences.json */,
			);
			path = "mock data";
			sourceTree = "<group>";
		};
/* End PBXGroup section */

/* Begin PBXNativeTarget section */
		84C2A2AC252C842500D4016A /* Expences */ = {
			isa = PBXNativeTarget;
			buildConfigurationList = 84C2A2C1252C842800D4016A /* Build configuration list for PBXNativeTarget "Expences" */;
			buildPhases = (
				84C2A2A9252C842500D4016A /* Sources */,
				84C2A2AA252C842500D4016A /* Frameworks */,
				84C2A2AB252C842500D4016A /* Resources */,
			);
			buildRules = (
			);
			dependencies = (
			);
			name = Expences;
			productName = Expences;
			productReference = 84C2A2AD252C842500D4016A /* Expences.app */;
			productType = "com.apple.product-type.application";
		};
/* End PBXNativeTarget section */

/* Begin PBXProject section */
		84C2A2A5252C842500D4016A /* Project object */ = {
			isa = PBXProject;
			attributes = {
				LastSwiftUpdateCheck = 1200;
				LastUpgradeCheck = 1200;
				TargetAttributes = {
					84C2A2AC252C842500D4016A = {
						CreatedOnToolsVersion = 12.0;
					};
				};
			};
			buildConfigurationList = 84C2A2A8252C842500D4016A /* Build configuration list for PBXProject "Expences" */;
			compatibilityVersion = "Xcode 9.3";
			developmentRegion = en;
			hasScannedForEncodings = 0;
			knownRegions = (
				en,
				Base,
			);
			mainGroup = 84C2A2A4252C842500D4016A;
			productRefGroup = 84C2A2AE252C842500D4016A /* Products */;
			projectDirPath = "";
			projectRoot = "";
			targets = (
				84C2A2AC252C842500D4016A /* Expences */,
			);
		};
/* End PBXProject section */

/* Begin PBXResourcesBuildPhase section */
		84C2A2AB252C842500D4016A /* Resources */ = {
			isa = PBXResourcesBuildPhase;
			buildActionMask = 2147483647;
			files = (
				84C2A2C7252C847300D4016A /* expences.json in Resources */,
				84C2A2BD252C842800D4016A /* LaunchScreen.storyboard in Resources */,
				84C2A2BA252C842800D4016A /* Assets.xcassets in Resources */,
				84C2A2B8252C842500D4016A /* Main.storyboard in Resources */,
			);
			runOnlyForDeploymentPostprocessing = 0;
		};
/* End PBXResourcesBuildPhase section */

/* Begin PBXSourcesBuildPhase section */
		84C2A2A9252C842500D4016A /* Sources */ = {
			isa = PBXSourcesBuildPhase;
			buildActionMask = 2147483647;
			files = (
				1BBF934F252CA18D00BA1DF6 /* Expence.swift in Sources */,
				1BBF9365252CB5D100BA1DF6 /* JSONParser.swift in Sources */,
				1BBF935D252CAC3F00BA1DF6 /* WeeklyExpences.swift in Sources */,
				84C2A2B5252C842500D4016A /* LaunchViewController.swift in Sources */,
				1BBF9361252CB2EA00BA1DF6 /* Expences.swift in Sources */,
				1BBF9353252CA59200BA1DF6 /* DailyExpences.swift in Sources */,
				84C2A2B1252C842500D4016A /* AppDelegate.swift in Sources */,
				1B6AC87B252E1CA700486F74 /* LaunchView.swift in Sources */,
				84C2A2B3252C842500D4016A /* SceneDelegate.swift in Sources */,
			);
			runOnlyForDeploymentPostprocessing = 0;
		};
/* End PBXSourcesBuildPhase section */

/* Begin PBXVariantGroup section */
		84C2A2B6252C842500D4016A /* Main.storyboard */ = {
			isa = PBXVariantGroup;
			children = (
				84C2A2B7252C842500D4016A /* Base */,
			);
			name = Main.storyboard;
			sourceTree = "<group>";
		};
		84C2A2BB252C842800D4016A /* LaunchScreen.storyboard */ = {
			isa = PBXVariantGroup;
			children = (
				84C2A2BC252C842800D4016A /* Base */,
			);
			name = LaunchScreen.storyboard;
			sourceTree = "<group>";
		};
/* End PBXVariantGroup section */

/* Begin XCBuildConfiguration section */
		84C2A2BF252C842800D4016A /* Debug */ = {
			isa = XCBuildConfiguration;
			buildSettings = {
				ALWAYS_SEARCH_USER_PATHS = NO;
				CLANG_ANALYZER_NONNULL = YES;
				CLANG_ANALYZER_NUMBER_OBJECT_CONVERSION = YES_AGGRESSIVE;
				CLANG_CXX_LANGUAGE_STANDARD = "gnu++14";
				CLANG_CXX_LIBRARY = "libc++";
				CLANG_ENABLE_MODULES = YES;
				CLANG_ENABLE_OBJC_ARC = YES;
				CLANG_ENABLE_OBJC_WEAK = YES;
				CLANG_WARN_BLOCK_CAPTURE_AUTORELEASING = YES;
				CLANG_WARN_BOOL_CONVERSION = YES;
				CLANG_WARN_COMMA = YES;
				CLANG_WARN_CONSTANT_CONVERSION = YES;
				CLANG_WARN_DEPRECATED_OBJC_IMPLEMENTATIONS = YES;
				CLANG_WARN_DIRECT_OBJC_ISA_USAGE = YES_ERROR;
				CLANG_WARN_DOCUMENTATION_COMMENTS = YES;
				CLANG_WARN_EMPTY_BODY = YES;
				CLANG_WARN_ENUM_CONVERSION = YES;
				CLANG_WARN_INFINITE_RECURSION = YES;
				CLANG_WARN_INT_CONVERSION = YES;
				CLANG_WARN_NON_LITERAL_NULL_CONVERSION = YES;
				CLANG_WARN_OBJC_IMPLICIT_RETAIN_SELF = YES;
				CLANG_WARN_OBJC_LITERAL_CONVERSION = YES;
				CLANG_WARN_OBJC_ROOT_CLASS = YES_ERROR;
				CLANG_WARN_QUOTED_INCLUDE_IN_FRAMEWORK_HEADER = YES;
				CLANG_WARN_RANGE_LOOP_ANALYSIS = YES;
				CLANG_WARN_STRICT_PROTOTYPES = YES;
				CLANG_WARN_SUSPICIOUS_MOVE = YES;
				CLANG_WARN_UNGUARDED_AVAILABILITY = YES_AGGRESSIVE;
				CLANG_WARN_UNREACHABLE_CODE = YES;
				CLANG_WARN__DUPLICATE_METHOD_MATCH = YES;
				COPY_PHASE_STRIP = NO;
				DEBUG_INFORMATION_FORMAT = dwarf;
				ENABLE_STRICT_OBJC_MSGSEND = YES;
				ENABLE_TESTABILITY = YES;
				GCC_C_LANGUAGE_STANDARD = gnu11;
				GCC_DYNAMIC_NO_PIC = NO;
				GCC_NO_COMMON_BLOCKS = YES;
				GCC_OPTIMIZATION_LEVEL = 0;
				GCC_PREPROCESSOR_DEFINITIONS = (
					"DEBUG=1",
					"$(inherited)",
				);
				GCC_WARN_64_TO_32_BIT_CONVERSION = YES;
				GCC_WARN_ABOUT_RETURN_TYPE = YES_ERROR;
				GCC_WARN_UNDECLARED_SELECTOR = YES;
				GCC_WARN_UNINITIALIZED_AUTOS = YES_AGGRESSIVE;
				GCC_WARN_UNUSED_FUNCTION = YES;
				GCC_WARN_UNUSED_VARIABLE = YES;
				IPHONEOS_DEPLOYMENT_TARGET = 14.0;
				MTL_ENABLE_DEBUG_INFO = INCLUDE_SOURCE;
				MTL_FAST_MATH = YES;
				ONLY_ACTIVE_ARCH = YES;
				SDKROOT = iphoneos;
				SWIFT_ACTIVE_COMPILATION_CONDITIONS = DEBUG;
				SWIFT_OPTIMIZATION_LEVEL = "-Onone";
			};
			name = Debug;
		};
		84C2A2C0252C842800D4016A /* Release */ = {
			isa = XCBuildConfiguration;
			buildSettings = {
				ALWAYS_SEARCH_USER_PATHS = NO;
				CLANG_ANALYZER_NONNULL = YES;
				CLANG_ANALYZER_NUMBER_OBJECT_CONVERSION = YES_AGGRESSIVE;
				CLANG_CXX_LANGUAGE_STANDARD = "gnu++14";
				CLANG_CXX_LIBRARY = "libc++";
				CLANG_ENABLE_MODULES = YES;
				CLANG_ENABLE_OBJC_ARC = YES;
				CLANG_ENABLE_OBJC_WEAK = YES;
				CLANG_WARN_BLOCK_CAPTURE_AUTORELEASING = YES;
				CLANG_WARN_BOOL_CONVERSION = YES;
				CLANG_WARN_COMMA = YES;
				CLANG_WARN_CONSTANT_CONVERSION = YES;
				CLANG_WARN_DEPRECATED_OBJC_IMPLEMENTATIONS = YES;
				CLANG_WARN_DIRECT_OBJC_ISA_USAGE = YES_ERROR;
				CLANG_WARN_DOCUMENTATION_COMMENTS = YES;
				CLANG_WARN_EMPTY_BODY = YES;
				CLANG_WARN_ENUM_CONVERSION = YES;
				CLANG_WARN_INFINITE_RECURSION = YES;
				CLANG_WARN_INT_CONVERSION = YES;
				CLANG_WARN_NON_LITERAL_NULL_CONVERSION = YES;
				CLANG_WARN_OBJC_IMPLICIT_RETAIN_SELF = YES;
				CLANG_WARN_OBJC_LITERAL_CONVERSION = YES;
				CLANG_WARN_OBJC_ROOT_CLASS = YES_ERROR;
				CLANG_WARN_QUOTED_INCLUDE_IN_FRAMEWORK_HEADER = YES;
				CLANG_WARN_RANGE_LOOP_ANALYSIS = YES;
				CLANG_WARN_STRICT_PROTOTYPES = YES;
				CLANG_WARN_SUSPICIOUS_MOVE = YES;
				CLANG_WARN_UNGUARDED_AVAILABILITY = YES_AGGRESSIVE;
				CLANG_WARN_UNREACHABLE_CODE = YES;
				CLANG_WARN__DUPLICATE_METHOD_MATCH = YES;
				COPY_PHASE_STRIP = NO;
				DEBUG_INFORMATION_FORMAT = "dwarf-with-dsym";
				ENABLE_NS_ASSERTIONS = NO;
				ENABLE_STRICT_OBJC_MSGSEND = YES;
				GCC_C_LANGUAGE_STANDARD = gnu11;
				GCC_NO_COMMON_BLOCKS = YES;
				GCC_WARN_64_TO_32_BIT_CONVERSION = YES;
				GCC_WARN_ABOUT_RETURN_TYPE = YES_ERROR;
				GCC_WARN_UNDECLARED_SELECTOR = YES;
				GCC_WARN_UNINITIALIZED_AUTOS = YES_AGGRESSIVE;
				GCC_WARN_UNUSED_FUNCTION = YES;
				GCC_WARN_UNUSED_VARIABLE = YES;
				IPHONEOS_DEPLOYMENT_TARGET = 14.0;
				MTL_ENABLE_DEBUG_INFO = NO;
				MTL_FAST_MATH = YES;
				SDKROOT = iphoneos;
				SWIFT_COMPILATION_MODE = wholemodule;
				SWIFT_OPTIMIZATION_LEVEL = "-O";
				VALIDATE_PRODUCT = YES;
			};
			name = Release;
		};
		84C2A2C2252C842800D4016A /* Debug */ = {
			isa = XCBuildConfiguration;
			buildSettings = {
				ASSETCATALOG_COMPILER_APPICON_NAME = AppIcon;
				ASSETCATALOG_COMPILER_GLOBAL_ACCENT_COLOR_NAME = AccentColor;
				CODE_SIGN_STYLE = Automatic;
				INFOPLIST_FILE = Expences/Info.plist;
				LD_RUNPATH_SEARCH_PATHS = (
					"$(inherited)",
					"@executable_path/Frameworks",
				);
				PRODUCT_BUNDLE_IDENTIFIER = test.Expences;
				PRODUCT_NAME = "$(TARGET_NAME)";
				SWIFT_VERSION = 5.0;
				TARGETED_DEVICE_FAMILY = "1,2";
			};
			name = Debug;
		};
		84C2A2C3252C842800D4016A /* Release */ = {
			isa = XCBuildConfiguration;
			buildSettings = {
				ASSETCATALOG_COMPILER_APPICON_NAME = AppIcon;
				ASSETCATALOG_COMPILER_GLOBAL_ACCENT_COLOR_NAME = AccentColor;
				CODE_SIGN_STYLE = Automatic;
				INFOPLIST_FILE = Expences/Info.plist;
				LD_RUNPATH_SEARCH_PATHS = (
					"$(inherited)",
					"@executable_path/Frameworks",
				);
				PRODUCT_BUNDLE_IDENTIFIER = test.Expences;
				PRODUCT_NAME = "$(TARGET_NAME)";
				SWIFT_VERSION = 5.0;
				TARGETED_DEVICE_FAMILY = "1,2";
			};
			name = Release;
		};
/* End XCBuildConfiguration section */

/* Begin XCConfigurationList section */
		84C2A2A8252C842500D4016A /* Build configuration list for PBXProject "Expences" */ = {
			isa = XCConfigurationList;
			buildConfigurations = (
				84C2A2BF252C842800D4016A /* Debug */,
				84C2A2C0252C842800D4016A /* Release */,
			);
			defaultConfigurationIsVisible = 0;
			defaultConfigurationName = Release;
		};
		84C2A2C1252C842800D4016A /* Build configuration list for PBXNativeTarget "Expences" */ = {
			isa = XCConfigurationList;
			buildConfigurations = (
				84C2A2C2252C842800D4016A /* Debug */,
				84C2A2C3252C842800D4016A /* Release */,
			);
			defaultConfigurationIsVisible = 0;
			defaultConfigurationName = Release;
		};
/* End XCConfigurationList section */
	};
	rootObject = 84C2A2A5252C842500D4016A /* Project object */;
}
